
Microsoft Visual Studio Solution File, Format Version 12.00
# Visual Studio 2012
Project("{FAE04EC0-301F-11D3-BF4B-00C04F79EFBC}") = "NyaaTools", "NyaaTools\NyaaTools.csproj", "{1FAFA3DC-6882-437F-AA04-B9BE38FC9315}"
EndProject
Project("{FAE04EC0-301F-11D3-BF4B-00C04F79EFBC}") = "NyaaToolsTest", "NyaaToolsTest\NyaaToolsTest.csproj", "{5B05109B-E083-4380-AE5A-7C3B86B796D3}"
EndProject
Global
	GlobalSection(SolutionConfigurationPlatforms) = preSolution
		Debug|Any CPU = Debug|Any CPU
		Release|Any CPU = Release|Any CPU
	EndGlobalSection
	GlobalSection(ProjectConfigurationPlatforms) = postSolution
		{1FAFA3DC-6882-437F-AA04-B9BE38FC9315}.Debug|Any CPU.ActiveCfg = Debug|Any CPU
		{1FAFA3DC-6882-437F-AA04-B9BE38FC9315}.Debug|Any CPU.Build.0 = Debug|Any CPU
		{1FAFA3DC-6882-437F-AA04-B9BE38FC9315}.Release|Any CPU.ActiveCfg = Release|Any CPU
		{1FAFA3DC-6882-437F-AA04-B9BE38FC9315}.Release|Any CPU.Build.0 = Release|Any CPU
		{5B05109B-E083-4380-AE5A-7C3B86B796D3}.Debug|Any CPU.ActiveCfg = Debug|Any CPU
		{5B05109B-E083-4380-AE5A-7C3B86B796D3}.Debug|Any CPU.Build.0 = Debug|Any CPU
		{5B05109B-E083-4380-AE5A-7C3B86B796D3}.Release|Any CPU.ActiveCfg = Release|Any CPU
		{5B05109B-E083-4380-AE5A-7C3B86B796D3}.Release|Any CPU.Build.0 = Release|Any CPU
	EndGlobalSection
	GlobalSection(SolutionProperties) = preSolution
		HideSolutionNode = FALSE
	EndGlobalSection
EndGlobal
